// !$*UTF8*$!
{
	archiveVersion = 1;
	classes = {
	};
	objectVersion = 46;
	objects = {

/* Begin PBXBuildFile section */
		6F05C7A61EB0F02A0048CD18 /* main.m in Sources */ = {isa = PBXBuildFile; fileRef = 6F05C7A51EB0F02A0048CD18 /* main.m */; };
		6F05C7AF1EB0F02A0048CD18 /* Main.storyboard in Resources */ = {isa = PBXBuildFile; fileRef = 6F05C7AD1EB0F02A0048CD18 /* Main.storyboard */; };
		6F05C7B21EB0F02A0048CD18 /* Quantenguerilla.xcdatamodeld in Sources */ = {isa = PBXBuildFile; fileRef = 6F05C7B01EB0F02A0048CD18 /* Quantenguerilla.xcdatamodeld */; };
		6F05C7B41EB0F02A0048CD18 /* Assets.xcassets in Resources */ = {isa = PBXBuildFile; fileRef = 6F05C7B31EB0F02A0048CD18 /* Assets.xcassets */; };
		6F05C7B71EB0F02A0048CD18 /* LaunchScreen.storyboard in Resources */ = {isa = PBXBuildFile; fileRef = 6F05C7B51EB0F02A0048CD18 /* LaunchScreen.storyboard */; };
		6F05C7C21EB0F02A0048CD18 /* QuantenguerillaTests.m in Sources */ = {isa = PBXBuildFile; fileRef = 6F05C7C11EB0F02A0048CD18 /* QuantenguerillaTests.m */; };
		6F05C7CD1EB0F02A0048CD18 /* QuantenguerillaUITests.m in Sources */ = {isa = PBXBuildFile; fileRef = 6F05C7CC1EB0F02A0048CD18 /* QuantenguerillaUITests.m */; };
		6F05C7FC1EB23BFA0048CD18 /* test01.jpg in Resources */ = {isa = PBXBuildFile; fileRef = 6F05C7EC1EB23BFA0048CD18 /* test01.jpg */; };
		6F05C7FD1EB23BFA0048CD18 /* test02.jpg in Resources */ = {isa = PBXBuildFile; fileRef = 6F05C7ED1EB23BFA0048CD18 /* test02.jpg */; };
		6F05C7FE1EB23BFA0048CD18 /* test03.jpg in Resources */ = {isa = PBXBuildFile; fileRef = 6F05C7EE1EB23BFA0048CD18 /* test03.jpg */; };
		6F05C7FF1EB23BFA0048CD18 /* test04.jpg in Resources */ = {isa = PBXBuildFile; fileRef = 6F05C7EF1EB23BFA0048CD18 /* test04.jpg */; };
		6F05C8001EB23BFA0048CD18 /* test05.jpg in Resources */ = {isa = PBXBuildFile; fileRef = 6F05C7F01EB23BFA0048CD18 /* test05.jpg */; };
		6F05C8011EB23BFA0048CD18 /* test06.jpg in Resources */ = {isa = PBXBuildFile; fileRef = 6F05C7F11EB23BFA0048CD18 /* test06.jpg */; };
		6F05C8021EB23BFA0048CD18 /* test07.jpg in Resources */ = {isa = PBXBuildFile; fileRef = 6F05C7F21EB23BFA0048CD18 /* test07.jpg */; };
		6F05C8031EB23BFA0048CD18 /* test08.jpg in Resources */ = {isa = PBXBuildFile; fileRef = 6F05C7F31EB23BFA0048CD18 /* test08.jpg */; };
		6F05C8041EB23BFA0048CD18 /* test09.jpg in Resources */ = {isa = PBXBuildFile; fileRef = 6F05C7F41EB23BFA0048CD18 /* test09.jpg */; };
		6F05C8051EB23BFA0048CD18 /* test10.jpg in Resources */ = {isa = PBXBuildFile; fileRef = 6F05C7F51EB23BFA0048CD18 /* test10.jpg */; };
		6F05C8061EB23BFA0048CD18 /* test11.jpg in Resources */ = {isa = PBXBuildFile; fileRef = 6F05C7F61EB23BFA0048CD18 /* test11.jpg */; };
		6F05C8071EB23BFA0048CD18 /* test12.jpg in Resources */ = {isa = PBXBuildFile; fileRef = 6F05C7F71EB23BFA0048CD18 /* test12.jpg */; };
		6F05C8081EB23BFA0048CD18 /* test13.jpg in Resources */ = {isa = PBXBuildFile; fileRef = 6F05C7F81EB23BFA0048CD18 /* test13.jpg */; };
		6F05C8091EB23BFA0048CD18 /* test14.jpg in Resources */ = {isa = PBXBuildFile; fileRef = 6F05C7F91EB23BFA0048CD18 /* test14.jpg */; };
		6F05C80A1EB23BFA0048CD18 /* test15.jpg in Resources */ = {isa = PBXBuildFile; fileRef = 6F05C7FA1EB23BFA0048CD18 /* test15.jpg */; };
		6F05C80B1EB23BFA0048CD18 /* test16.jpg in Resources */ = {isa = PBXBuildFile; fileRef = 6F05C7FB1EB23BFA0048CD18 /* test16.jpg */; };
		6F05C80F1EB2403E0048CD18 /* plus.jpg in Resources */ = {isa = PBXBuildFile; fileRef = 6F05C80E1EB2403E0048CD18 /* plus.jpg */; };
		6F05C8131EB353180048CD18 /* WorkspaceViewController.m in Sources */ = {isa = PBXBuildFile; fileRef = 6F05C8121EB353180048CD18 /* WorkspaceViewController.m */; };
		6F05C81A1EB354BA0048CD18 /* MainMenu.m in Sources */ = {isa = PBXBuildFile; fileRef = 6F05C8151EB354BA0048CD18 /* MainMenu.m */; };
		6F05C81B1EB354BA0048CD18 /* MainMenuViewController.m in Sources */ = {isa = PBXBuildFile; fileRef = 6F05C8171EB354BA0048CD18 /* MainMenuViewController.m */; };
		6F05C81C1EB354BA0048CD18 /* ProjectPreviewCollectionViewCell.m in Sources */ = {isa = PBXBuildFile; fileRef = 6F05C8191EB354BA0048CD18 /* ProjectPreviewCollectionViewCell.m */; };
		6F05C81F1EB354C90048CD18 /* AppDelegate.m in Sources */ = {isa = PBXBuildFile; fileRef = 6F05C81E1EB354C90048CD18 /* AppDelegate.m */; };
		6F05C8221EB385390048CD18 /* Project.m in Sources */ = {isa = PBXBuildFile; fileRef = 6F05C8211EB385390048CD18 /* Project.m */; };
		6F4D4DA41EB4C2CD00A0DC69 /* NewWorkspaceViewController.m in Sources */ = {isa = PBXBuildFile; fileRef = 6F4D4DA31EB4C2CD00A0DC69 /* NewWorkspaceViewController.m */; };
		6F4D4DA71EB4DB5F00A0DC69 /* FXWorkspaceViewController.m in Sources */ = {isa = PBXBuildFile; fileRef = 6F4D4DA61EB4DB5F00A0DC69 /* FXWorkspaceViewController.m */; };
		6F4D4DAB1EB51AE100A0DC69 /* RMPZoomTransitionAnimator.m in Sources */ = {isa = PBXBuildFile; fileRef = 6F4D4DAA1EB51AE100A0DC69 /* RMPZoomTransitionAnimator.m */; };
		6F91E5891ECC4A1A0031A09D /* WorkspaceCommon.m in Sources */ = {isa = PBXBuildFile; fileRef = 6F91E5881ECC4A1A0031A09D /* WorkspaceCommon.m */; };
/* End PBXBuildFile section */

/* Begin PBXContainerItemProxy section */
		6F05C7BE1EB0F02A0048CD18 /* PBXContainerItemProxy */ = {
			isa = PBXContainerItemProxy;
			containerPortal = 6F05C7991EB0F02A0048CD18 /* Project object */;
			proxyType = 1;
			remoteGlobalIDString = 6F05C7A01EB0F02A0048CD18;
			remoteInfo = Quantenguerilla;
		};
		6F05C7C91EB0F02A0048CD18 /* PBXContainerItemProxy */ = {
			isa = PBXContainerItemProxy;
			containerPortal = 6F05C7991EB0F02A0048CD18 /* Project object */;
			proxyType = 1;
			remoteGlobalIDString = 6F05C7A01EB0F02A0048CD18;
			remoteInfo = Quantenguerilla;
		};
/* End PBXContainerItemProxy section */

/* Begin PBXFileReference section */
		6F05C7A11EB0F02A0048CD18 /* Quantenguerilla.app */ = {isa = PBXFileReference; explicitFileType = wrapper.application; includeInIndex = 0; path = Quantenguerilla.app; sourceTree = BUILT_PRODUCTS_DIR; };
		6F05C7A51EB0F02A0048CD18 /* main.m */ = {isa = PBXFileReference; lastKnownFileType = sourcecode.c.objc; path = main.m; sourceTree = "<group>"; };
		6F05C7AE1EB0F02A0048CD18 /* Base */ = {isa = PBXFileReference; lastKnownFileType = file.storyboard; name = Base; path = Base.lproj/Main.storyboard; sourceTree = "<group>"; };
		6F05C7B11EB0F02A0048CD18 /* Quantenguerilla.xcdatamodel */ = {isa = PBXFileReference; lastKnownFileType = wrapper.xcdatamodel; path = Quantenguerilla.xcdatamodel; sourceTree = "<group>"; };
		6F05C7B31EB0F02A0048CD18 /* Assets.xcassets */ = {isa = PBXFileReference; lastKnownFileType = folder.assetcatalog; path = Assets.xcassets; sourceTree = "<group>"; };
		6F05C7B61EB0F02A0048CD18 /* Base */ = {isa = PBXFileReference; lastKnownFileType = file.storyboard; name = Base; path = Base.lproj/LaunchScreen.storyboard; sourceTree = "<group>"; };
		6F05C7B81EB0F02A0048CD18 /* Info.plist */ = {isa = PBXFileReference; lastKnownFileType = text.plist.xml; path = Info.plist; sourceTree = "<group>"; };
		6F05C7BD1EB0F02A0048CD18 /* QuantenguerillaTests.xctest */ = {isa = PBXFileReference; explicitFileType = wrapper.cfbundle; includeInIndex = 0; path = QuantenguerillaTests.xctest; sourceTree = BUILT_PRODUCTS_DIR; };
		6F05C7C11EB0F02A0048CD18 /* QuantenguerillaTests.m */ = {isa = PBXFileReference; lastKnownFileType = sourcecode.c.objc; path = QuantenguerillaTests.m; sourceTree = "<group>"; };
		6F05C7C31EB0F02A0048CD18 /* Info.plist */ = {isa = PBXFileReference; lastKnownFileType = text.plist.xml; path = Info.plist; sourceTree = "<group>"; };
		6F05C7C81EB0F02A0048CD18 /* QuantenguerillaUITests.xctest */ = {isa = PBXFileReference; explicitFileType = wrapper.cfbundle; includeInIndex = 0; path = QuantenguerillaUITests.xctest; sourceTree = BUILT_PRODUCTS_DIR; };
		6F05C7CC1EB0F02A0048CD18 /* QuantenguerillaUITests.m */ = {isa = PBXFileReference; lastKnownFileType = sourcecode.c.objc; path = QuantenguerillaUITests.m; sourceTree = "<group>"; };
		6F05C7CE1EB0F02A0048CD18 /* Info.plist */ = {isa = PBXFileReference; lastKnownFileType = text.plist.xml; path = Info.plist; sourceTree = "<group>"; };
		6F05C7EC1EB23BFA0048CD18 /* test01.jpg */ = {isa = PBXFileReference; lastKnownFileType = image.jpeg; name = test01.jpg; path = img/test01.jpg; sourceTree = "<group>"; };
		6F05C7ED1EB23BFA0048CD18 /* test02.jpg */ = {isa = PBXFileReference; lastKnownFileType = image.jpeg; name = test02.jpg; path = img/test02.jpg; sourceTree = "<group>"; };
		6F05C7EE1EB23BFA0048CD18 /* test03.jpg */ = {isa = PBXFileReference; lastKnownFileType = image.jpeg; name = test03.jpg; path = img/test03.jpg; sourceTree = "<group>"; };
		6F05C7EF1EB23BFA0048CD18 /* test04.jpg */ = {isa = PBXFileReference; lastKnownFileType = image.jpeg; name = test04.jpg; path = img/test04.jpg; sourceTree = "<group>"; };
		6F05C7F01EB23BFA0048CD18 /* test05.jpg */ = {isa = PBXFileReference; lastKnownFileType = image.jpeg; name = test05.jpg; path = img/test05.jpg; sourceTree = "<group>"; };
		6F05C7F11EB23BFA0048CD18 /* test06.jpg */ = {isa = PBXFileReference; lastKnownFileType = image.jpeg; name = test06.jpg; path = img/test06.jpg; sourceTree = "<group>"; };
		6F05C7F21EB23BFA0048CD18 /* test07.jpg */ = {isa = PBXFileReference; lastKnownFileType = image.jpeg; name = test07.jpg; path = img/test07.jpg; sourceTree = "<group>"; };
		6F05C7F31EB23BFA0048CD18 /* test08.jpg */ = {isa = PBXFileReference; lastKnownFileType = image.jpeg; name = test08.jpg; path = img/test08.jpg; sourceTree = "<group>"; };
		6F05C7F41EB23BFA0048CD18 /* test09.jpg */ = {isa = PBXFileReference; lastKnownFileType = image.jpeg; name = test09.jpg; path = img/test09.jpg; sourceTree = "<group>"; };
		6F05C7F51EB23BFA0048CD18 /* test10.jpg */ = {isa = PBXFileReference; lastKnownFileType = image.jpeg; name = test10.jpg; path = img/test10.jpg; sourceTree = "<group>"; };
		6F05C7F61EB23BFA0048CD18 /* test11.jpg */ = {isa = PBXFileReference; lastKnownFileType = image.jpeg; name = test11.jpg; path = img/test11.jpg; sourceTree = "<group>"; };
		6F05C7F71EB23BFA0048CD18 /* test12.jpg */ = {isa = PBXFileReference; lastKnownFileType = image.jpeg; name = test12.jpg; path = img/test12.jpg; sourceTree = "<group>"; };
		6F05C7F81EB23BFA0048CD18 /* test13.jpg */ = {isa = PBXFileReference; lastKnownFileType = image.jpeg; name = test13.jpg; path = img/test13.jpg; sourceTree = "<group>"; };
		6F05C7F91EB23BFA0048CD18 /* test14.jpg */ = {isa = PBXFileReference; lastKnownFileType = image.jpeg; name = test14.jpg; path = img/test14.jpg; sourceTree = "<group>"; };
		6F05C7FA1EB23BFA0048CD18 /* test15.jpg */ = {isa = PBXFileReference; lastKnownFileType = image.jpeg; name = test15.jpg; path = img/test15.jpg; sourceTree = "<group>"; };
		6F05C7FB1EB23BFA0048CD18 /* test16.jpg */ = {isa = PBXFileReference; lastKnownFileType = image.jpeg; name = test16.jpg; path = img/test16.jpg; sourceTree = "<group>"; };
		6F05C80E1EB2403E0048CD18 /* plus.jpg */ = {isa = PBXFileReference; lastKnownFileType = image.jpeg; path = plus.jpg; sourceTree = "<group>"; };
		6F05C8111EB353180048CD18 /* WorkspaceViewController.h */ = {isa = PBXFileReference; fileEncoding = 4; lastKnownFileType = sourcecode.c.h; name = WorkspaceViewController.h; path = src/Workspace/WorkspaceViewController.h; sourceTree = "<group>"; };
		6F05C8121EB353180048CD18 /* WorkspaceViewController.m */ = {isa = PBXFileReference; fileEncoding = 4; lastKnownFileType = sourcecode.c.objc; name = WorkspaceViewController.m; path = src/Workspace/WorkspaceViewController.m; sourceTree = "<group>"; };
		6F05C8141EB354BA0048CD18 /* MainMenu.h */ = {isa = PBXFileReference; fileEncoding = 4; lastKnownFileType = sourcecode.c.h; name = MainMenu.h; path = src/MainMenu/MainMenu.h; sourceTree = "<group>"; };
		6F05C8151EB354BA0048CD18 /* MainMenu.m */ = {isa = PBXFileReference; fileEncoding = 4; lastKnownFileType = sourcecode.c.objc; name = MainMenu.m; path = src/MainMenu/MainMenu.m; sourceTree = "<group>"; };
		6F05C8161EB354BA0048CD18 /* MainMenuViewController.h */ = {isa = PBXFileReference; fileEncoding = 4; lastKnownFileType = sourcecode.c.h; name = MainMenuViewController.h; path = src/MainMenu/MainMenuViewController.h; sourceTree = "<group>"; };
		6F05C8171EB354BA0048CD18 /* MainMenuViewController.m */ = {isa = PBXFileReference; fileEncoding = 4; lastKnownFileType = sourcecode.c.objc; name = MainMenuViewController.m; path = src/MainMenu/MainMenuViewController.m; sourceTree = "<group>"; };
		6F05C8181EB354BA0048CD18 /* ProjectPreviewCollectionViewCell.h */ = {isa = PBXFileReference; fileEncoding = 4; lastKnownFileType = sourcecode.c.h; name = ProjectPreviewCollectionViewCell.h; path = src/MainMenu/ProjectPreviewCollectionViewCell.h; sourceTree = "<group>"; };
		6F05C8191EB354BA0048CD18 /* ProjectPreviewCollectionViewCell.m */ = {isa = PBXFileReference; fileEncoding = 4; lastKnownFileType = sourcecode.c.objc; name = ProjectPreviewCollectionViewCell.m; path = src/MainMenu/ProjectPreviewCollectionViewCell.m; sourceTree = "<group>"; };
		6F05C81D1EB354C90048CD18 /* AppDelegate.h */ = {isa = PBXFileReference; fileEncoding = 4; lastKnownFileType = sourcecode.c.h; name = AppDelegate.h; path = src/AppDelegate.h; sourceTree = "<group>"; };
		6F05C81E1EB354C90048CD18 /* AppDelegate.m */ = {isa = PBXFileReference; fileEncoding = 4; lastKnownFileType = sourcecode.c.objc; name = AppDelegate.m; path = src/AppDelegate.m; sourceTree = "<group>"; };
		6F05C8201EB385390048CD18 /* Project.h */ = {isa = PBXFileReference; fileEncoding = 4; lastKnownFileType = sourcecode.c.h; name = Project.h; path = src/Workspace/Project.h; sourceTree = "<group>"; };
		6F05C8211EB385390048CD18 /* Project.m */ = {isa = PBXFileReference; fileEncoding = 4; lastKnownFileType = sourcecode.c.objc; name = Project.m; path = src/Workspace/Project.m; sourceTree = "<group>"; };
		6F4D4DA21EB4C2CD00A0DC69 /* NewWorkspaceViewController.h */ = {isa = PBXFileReference; fileEncoding = 4; lastKnownFileType = sourcecode.c.h; name = NewWorkspaceViewController.h; path = src/MainMenu/NewWorkspaceViewController.h; sourceTree = "<group>"; };
		6F4D4DA31EB4C2CD00A0DC69 /* NewWorkspaceViewController.m */ = {isa = PBXFileReference; fileEncoding = 4; lastKnownFileType = sourcecode.c.objc; name = NewWorkspaceViewController.m; path = src/MainMenu/NewWorkspaceViewController.m; sourceTree = "<group>"; };
		6F4D4DA51EB4DB5F00A0DC69 /* FXWorkspaceViewController.h */ = {isa = PBXFileReference; fileEncoding = 4; lastKnownFileType = sourcecode.c.h; name = FXWorkspaceViewController.h; path = src/Workspace/FXWorkspaceViewController.h; sourceTree = "<group>"; };
		6F4D4DA61EB4DB5F00A0DC69 /* FXWorkspaceViewController.m */ = {isa = PBXFileReference; fileEncoding = 4; lastKnownFileType = sourcecode.c.objc; name = FXWorkspaceViewController.m; path = src/Workspace/FXWorkspaceViewController.m; sourceTree = "<group>"; };
		6F4D4DA91EB51AE100A0DC69 /* RMPZoomTransitionAnimator.h */ = {isa = PBXFileReference; fileEncoding = 4; lastKnownFileType = sourcecode.c.h; name = RMPZoomTransitionAnimator.h; path = src/RMPZoomTransitionAnimator/RMPZoomTransitionAnimator.h; sourceTree = "<group>"; };
		6F4D4DAA1EB51AE100A0DC69 /* RMPZoomTransitionAnimator.m */ = {isa = PBXFileReference; fileEncoding = 4; lastKnownFileType = sourcecode.c.objc; name = RMPZoomTransitionAnimator.m; path = src/RMPZoomTransitionAnimator/RMPZoomTransitionAnimator.m; sourceTree = "<group>"; };
		6F91E5871ECC4A1A0031A09D /* WorkspaceCommon.h */ = {isa = PBXFileReference; fileEncoding = 4; lastKnownFileType = sourcecode.c.h; name = WorkspaceCommon.h; path = src/Workspace/WorkspaceCommon.h; sourceTree = "<group>"; };
		6F91E5881ECC4A1A0031A09D /* WorkspaceCommon.m */ = {isa = PBXFileReference; fileEncoding = 4; lastKnownFileType = sourcecode.c.objc; name = WorkspaceCommon.m; path = src/Workspace/WorkspaceCommon.m; sourceTree = "<group>"; };
/* End PBXFileReference section */

/* Begin PBXFrameworksBuildPhase section */
		6F05C79E1EB0F02A0048CD18 /* Frameworks */ = {
			isa = PBXFrameworksBuildPhase;
			buildActionMask = 2147483647;
			files = (
			);
			runOnlyForDeploymentPostprocessing = 0;
		};
		6F05C7BA1EB0F02A0048CD18 /* Frameworks */ = {
			isa = PBXFrameworksBuildPhase;
			buildActionMask = 2147483647;
			files = (
			);
			runOnlyForDeploymentPostprocessing = 0;
		};
		6F05C7C51EB0F02A0048CD18 /* Frameworks */ = {
			isa = PBXFrameworksBuildPhase;
			buildActionMask = 2147483647;
			files = (
			);
			runOnlyForDeploymentPostprocessing = 0;
		};
/* End PBXFrameworksBuildPhase section */

/* Begin PBXGroup section */
		6F05C7981EB0F02A0048CD18 = {
			isa = PBXGroup;
			children = (
				6F05C7A31EB0F02A0048CD18 /* Quantenguerilla */,
				6F05C7C01EB0F02A0048CD18 /* QuantenguerillaTests */,
				6F05C7CB1EB0F02A0048CD18 /* QuantenguerillaUITests */,
				6F05C7A21EB0F02A0048CD18 /* Products */,
			);
			sourceTree = "<group>";
		};
		6F05C7A21EB0F02A0048CD18 /* Products */ = {
			isa = PBXGroup;
			children = (
				6F05C7A11EB0F02A0048CD18 /* Quantenguerilla.app */,
				6F05C7BD1EB0F02A0048CD18 /* QuantenguerillaTests.xctest */,
				6F05C7C81EB0F02A0048CD18 /* QuantenguerillaUITests.xctest */,
			);
			name = Products;
			sourceTree = "<group>";
		};
		6F05C7A31EB0F02A0048CD18 /* Quantenguerilla */ = {
			isa = PBXGroup;
			children = (
				6F4D4DA81EB51AA400A0DC69 /* RMPZoomTransitionAnimator */,
				6F05C81D1EB354C90048CD18 /* AppDelegate.h */,
				6F05C81E1EB354C90048CD18 /* AppDelegate.m */,
				6F05C8231EB385470048CD18 /* ProjectData */,
				6F05C8101EB352190048CD18 /* Workspace */,
				6F05C7E81EB117C10048CD18 /* MainMenu */,
				6F05C7DA1EB10E1C0048CD18 /* img */,
				6F05C7B31EB0F02A0048CD18 /* Assets.xcassets */,
				6F05C7B51EB0F02A0048CD18 /* LaunchScreen.storyboard */,
				6F05C7B81EB0F02A0048CD18 /* Info.plist */,
				6F05C7B01EB0F02A0048CD18 /* Quantenguerilla.xcdatamodeld */,
				6F05C7A41EB0F02A0048CD18 /* Supporting Files */,
			);
			path = Quantenguerilla;
			sourceTree = "<group>";
		};
		6F05C7A41EB0F02A0048CD18 /* Supporting Files */ = {
			isa = PBXGroup;
			children = (
				6F05C7A51EB0F02A0048CD18 /* main.m */,
			);
			name = "Supporting Files";
			sourceTree = "<group>";
		};
		6F05C7C01EB0F02A0048CD18 /* QuantenguerillaTests */ = {
			isa = PBXGroup;
			children = (
				6F05C7C11EB0F02A0048CD18 /* QuantenguerillaTests.m */,
				6F05C7C31EB0F02A0048CD18 /* Info.plist */,
			);
			path = QuantenguerillaTests;
			sourceTree = "<group>";
		};
		6F05C7CB1EB0F02A0048CD18 /* QuantenguerillaUITests */ = {
			isa = PBXGroup;
			children = (
				6F05C7CC1EB0F02A0048CD18 /* QuantenguerillaUITests.m */,
				6F05C7CE1EB0F02A0048CD18 /* Info.plist */,
			);
			path = QuantenguerillaUITests;
			sourceTree = "<group>";
		};
		6F05C7DA1EB10E1C0048CD18 /* img */ = {
			isa = PBXGroup;
			children = (
				6F05C80E1EB2403E0048CD18 /* plus.jpg */,
				6F05C7EC1EB23BFA0048CD18 /* test01.jpg */,
				6F05C7ED1EB23BFA0048CD18 /* test02.jpg */,
				6F05C7EE1EB23BFA0048CD18 /* test03.jpg */,
				6F05C7EF1EB23BFA0048CD18 /* test04.jpg */,
				6F05C7F01EB23BFA0048CD18 /* test05.jpg */,
				6F05C7F11EB23BFA0048CD18 /* test06.jpg */,
				6F05C7F21EB23BFA0048CD18 /* test07.jpg */,
				6F05C7F31EB23BFA0048CD18 /* test08.jpg */,
				6F05C7F41EB23BFA0048CD18 /* test09.jpg */,
				6F05C7F51EB23BFA0048CD18 /* test10.jpg */,
				6F05C7F61EB23BFA0048CD18 /* test11.jpg */,
				6F05C7F71EB23BFA0048CD18 /* test12.jpg */,
				6F05C7F81EB23BFA0048CD18 /* test13.jpg */,
				6F05C7F91EB23BFA0048CD18 /* test14.jpg */,
				6F05C7FA1EB23BFA0048CD18 /* test15.jpg */,
				6F05C7FB1EB23BFA0048CD18 /* test16.jpg */,
			);
			name = img;
			sourceTree = "<group>";
		};
		6F05C7E81EB117C10048CD18 /* MainMenu */ = {
			isa = PBXGroup;
			children = (
				6F05C7AD1EB0F02A0048CD18 /* Main.storyboard */,
				6F05C8141EB354BA0048CD18 /* MainMenu.h */,
				6F05C8151EB354BA0048CD18 /* MainMenu.m */,
				6F05C8161EB354BA0048CD18 /* MainMenuViewController.h */,
				6F05C8171EB354BA0048CD18 /* MainMenuViewController.m */,
				6F05C8181EB354BA0048CD18 /* ProjectPreviewCollectionViewCell.h */,
				6F05C8191EB354BA0048CD18 /* ProjectPreviewCollectionViewCell.m */,
				6F4D4DA21EB4C2CD00A0DC69 /* NewWorkspaceViewController.h */,
				6F4D4DA31EB4C2CD00A0DC69 /* NewWorkspaceViewController.m */,
			);
			name = MainMenu;
			sourceTree = "<group>";
		};
		6F05C8101EB352190048CD18 /* Workspace */ = {
			isa = PBXGroup;
			children = (
				6F91E5871ECC4A1A0031A09D /* WorkspaceCommon.h */,
				6F91E5881ECC4A1A0031A09D /* WorkspaceCommon.m */,
				6F05C8111EB353180048CD18 /* WorkspaceViewController.h */,
				6F05C8121EB353180048CD18 /* WorkspaceViewController.m */,
				6F4D4DA51EB4DB5F00A0DC69 /* FXWorkspaceViewController.h */,
				6F4D4DA61EB4DB5F00A0DC69 /* FXWorkspaceViewController.m */,
			);
			name = Workspace;
			sourceTree = "<group>";
		};
		6F05C8231EB385470048CD18 /* ProjectData */ = {
			isa = PBXGroup;
			children = (
				6F05C8201EB385390048CD18 /* Project.h */,
				6F05C8211EB385390048CD18 /* Project.m */,
			);
			name = ProjectData;
			sourceTree = "<group>";
		};
		6F4D4DA81EB51AA400A0DC69 /* RMPZoomTransitionAnimator */ = {
			isa = PBXGroup;
			children = (
				6F4D4DA91EB51AE100A0DC69 /* RMPZoomTransitionAnimator.h */,
				6F4D4DAA1EB51AE100A0DC69 /* RMPZoomTransitionAnimator.m */,
			);
			name = RMPZoomTransitionAnimator;
			sourceTree = "<group>";
		};
/* End PBXGroup section */

/* Begin PBXNativeTarget section */
		6F05C7A01EB0F02A0048CD18 /* Quantenguerilla */ = {
			isa = PBXNativeTarget;
			buildConfigurationList = 6F05C7D11EB0F02A0048CD18 /* Build configuration list for PBXNativeTarget "Quantenguerilla" */;
			buildPhases = (
				6F05C79D1EB0F02A0048CD18 /* Sources */,
				6F05C79E1EB0F02A0048CD18 /* Frameworks */,
				6F05C79F1EB0F02A0048CD18 /* Resources */,
			);
			buildRules = (
			);
			dependencies = (
			);
			name = Quantenguerilla;
			productName = Quantenguerilla;
			productReference = 6F05C7A11EB0F02A0048CD18 /* Quantenguerilla.app */;
			productType = "com.apple.product-type.application";
		};
		6F05C7BC1EB0F02A0048CD18 /* QuantenguerillaTests */ = {
			isa = PBXNativeTarget;
			buildConfigurationList = 6F05C7D41EB0F02A0048CD18 /* Build configuration list for PBXNativeTarget "QuantenguerillaTests" */;
			buildPhases = (
				6F05C7B91EB0F02A0048CD18 /* Sources */,
				6F05C7BA1EB0F02A0048CD18 /* Frameworks */,
				6F05C7BB1EB0F02A0048CD18 /* Resources */,
			);
			buildRules = (
			);
			dependencies = (
				6F05C7BF1EB0F02A0048CD18 /* PBXTargetDependency */,
			);
			name = QuantenguerillaTests;
			productName = QuantenguerillaTests;
			productReference = 6F05C7BD1EB0F02A0048CD18 /* QuantenguerillaTests.xctest */;
			productType = "com.apple.product-type.bundle.unit-test";
		};
		6F05C7C71EB0F02A0048CD18 /* QuantenguerillaUITests */ = {
			isa = PBXNativeTarget;
			buildConfigurationList = 6F05C7D71EB0F02A0048CD18 /* Build configuration list for PBXNativeTarget "QuantenguerillaUITests" */;
			buildPhases = (
				6F05C7C41EB0F02A0048CD18 /* Sources */,
				6F05C7C51EB0F02A0048CD18 /* Frameworks */,
				6F05C7C61EB0F02A0048CD18 /* Resources */,
			);
			buildRules = (
			);
			dependencies = (
				6F05C7CA1EB0F02A0048CD18 /* PBXTargetDependency */,
			);
			name = QuantenguerillaUITests;
			productName = QuantenguerillaUITests;
			productReference = 6F05C7C81EB0F02A0048CD18 /* QuantenguerillaUITests.xctest */;
			productType = "com.apple.product-type.bundle.ui-testing";
		};
/* End PBXNativeTarget section */

/* Begin PBXProject section */
		6F05C7991EB0F02A0048CD18 /* Project object */ = {
			isa = PBXProject;
			attributes = {
				KnownAssetTags = (
					WorkspaceStoryboard,
				);
				LastUpgradeCheck = 0830;
				ORGANIZATIONNAME = "Marius Eilbrecht";
				TargetAttributes = {
					6F05C7A01EB0F02A0048CD18 = {
						CreatedOnToolsVersion = 8.3;
						DevelopmentTeam = SL4A6X8264;
						ProvisioningStyle = Automatic;
					};
					6F05C7BC1EB0F02A0048CD18 = {
						CreatedOnToolsVersion = 8.3;
						DevelopmentTeam = SL4A6X8264;
						ProvisioningStyle = Automatic;
						TestTargetID = 6F05C7A01EB0F02A0048CD18;
					};
					6F05C7C71EB0F02A0048CD18 = {
						CreatedOnToolsVersion = 8.3;
						DevelopmentTeam = SL4A6X8264;
						ProvisioningStyle = Automatic;
						TestTargetID = 6F05C7A01EB0F02A0048CD18;
					};
				};
			};
			buildConfigurationList = 6F05C79C1EB0F02A0048CD18 /* Build configuration list for PBXProject "Quantenguerilla" */;
			compatibilityVersion = "Xcode 3.2";
			developmentRegion = English;
			hasScannedForEncodings = 0;
			knownRegions = (
				en,
				Base,
			);
			mainGroup = 6F05C7981EB0F02A0048CD18;
			productRefGroup = 6F05C7A21EB0F02A0048CD18 /* Products */;
			projectDirPath = "";
			projectRoot = "";
			targets = (
				6F05C7A01EB0F02A0048CD18 /* Quantenguerilla */,
				6F05C7BC1EB0F02A0048CD18 /* QuantenguerillaTests */,
				6F05C7C71EB0F02A0048CD18 /* QuantenguerillaUITests */,
			);
		};
/* End PBXProject section */

/* Begin PBXResourcesBuildPhase section */
		6F05C79F1EB0F02A0048CD18 /* Resources */ = {
			isa = PBXResourcesBuildPhase;
			buildActionMask = 2147483647;
			files = (
				6F05C7B71EB0F02A0048CD18 /* LaunchScreen.storyboard in Resources */,
				6F05C8011EB23BFA0048CD18 /* test06.jpg in Resources */,
				6F05C7B41EB0F02A0048CD18 /* Assets.xcassets in Resources */,
				6F05C80A1EB23BFA0048CD18 /* test15.jpg in Resources */,
				6F05C8071EB23BFA0048CD18 /* test12.jpg in Resources */,
				6F05C7FF1EB23BFA0048CD18 /* test04.jpg in Resources */,
				6F05C8091EB23BFA0048CD18 /* test14.jpg in Resources */,
				6F05C8051EB23BFA0048CD18 /* test10.jpg in Resources */,
				6F05C80B1EB23BFA0048CD18 /* test16.jpg in Resources */,
				6F05C7FC1EB23BFA0048CD18 /* test01.jpg in Resources */,
				6F05C8031EB23BFA0048CD18 /* test08.jpg in Resources */,
				6F05C80F1EB2403E0048CD18 /* plus.jpg in Resources */,
				6F05C8061EB23BFA0048CD18 /* test11.jpg in Resources */,
				6F05C7FD1EB23BFA0048CD18 /* test02.jpg in Resources */,
				6F05C7FE1EB23BFA0048CD18 /* test03.jpg in Resources */,
				6F05C8001EB23BFA0048CD18 /* test05.jpg in Resources */,
				6F05C8021EB23BFA0048CD18 /* test07.jpg in Resources */,
				6F05C8081EB23BFA0048CD18 /* test13.jpg in Resources */,
				6F05C8041EB23BFA0048CD18 /* test09.jpg in Resources */,
				6F05C7AF1EB0F02A0048CD18 /* Main.storyboard in Resources */,
			);
			runOnlyForDeploymentPostprocessing = 0;
		};
		6F05C7BB1EB0F02A0048CD18 /* Resources */ = {
			isa = PBXResourcesBuildPhase;
			buildActionMask = 2147483647;
			files = (
			);
			runOnlyForDeploymentPostprocessing = 0;
		};
		6F05C7C61EB0F02A0048CD18 /* Resources */ = {
			isa = PBXResourcesBuildPhase;
			buildActionMask = 2147483647;
			files = (
			);
			runOnlyForDeploymentPostprocessing = 0;
		};
/* End PBXResourcesBuildPhase section */

/* Begin PBXSourcesBuildPhase section */
		6F05C79D1EB0F02A0048CD18 /* Sources */ = {
			isa = PBXSourcesBuildPhase;
			buildActionMask = 2147483647;
			files = (
				6F91E5891ECC4A1A0031A09D /* WorkspaceCommon.m in Sources */,
				6F05C81A1EB354BA0048CD18 /* MainMenu.m in Sources */,
				6F05C8131EB353180048CD18 /* WorkspaceViewController.m in Sources */,
				6F05C7B21EB0F02A0048CD18 /* Quantenguerilla.xcdatamodeld in Sources */,
				6F4D4DA41EB4C2CD00A0DC69 /* NewWorkspaceViewController.m in Sources */,
				6F4D4DA71EB4DB5F00A0DC69 /* FXWorkspaceViewController.m in Sources */,
				6F05C8221EB385390048CD18 /* Project.m in Sources */,
				6F05C81F1EB354C90048CD18 /* AppDelegate.m in Sources */,
				6F4D4DAB1EB51AE100A0DC69 /* RMPZoomTransitionAnimator.m in Sources */,
				6F05C81B1EB354BA0048CD18 /* MainMenuViewController.m in Sources */,
				6F05C81C1EB354BA0048CD18 /* ProjectPreviewCollectionViewCell.m in Sources */,
				6F05C7A61EB0F02A0048CD18 /* main.m in Sources */,
			);
			runOnlyForDeploymentPostprocessing = 0;
		};
		6F05C7B91EB0F02A0048CD18 /* Sources */ = {
			isa = PBXSourcesBuildPhase;
			buildActionMask = 2147483647;
			files = (
				6F05C7C21EB0F02A0048CD18 /* QuantenguerillaTests.m in Sources */,
			);
			runOnlyForDeploymentPostprocessing = 0;
		};
		6F05C7C41EB0F02A0048CD18 /* Sources */ = {
			isa = PBXSourcesBuildPhase;
			buildActionMask = 2147483647;
			files = (
				6F05C7CD1EB0F02A0048CD18 /* QuantenguerillaUITests.m in Sources */,
			);
			runOnlyForDeploymentPostprocessing = 0;
		};
/* End PBXSourcesBuildPhase section */

/* Begin PBXTargetDependency section */
		6F05C7BF1EB0F02A0048CD18 /* PBXTargetDependency */ = {
			isa = PBXTargetDependency;
			target = 6F05C7A01EB0F02A0048CD18 /* Quantenguerilla */;
			targetProxy = 6F05C7BE1EB0F02A0048CD18 /* PBXContainerItemProxy */;
		};
		6F05C7CA1EB0F02A0048CD18 /* PBXTargetDependency */ = {
			isa = PBXTargetDependency;
			target = 6F05C7A01EB0F02A0048CD18 /* Quantenguerilla */;
			targetProxy = 6F05C7C91EB0F02A0048CD18 /* PBXContainerItemProxy */;
		};
/* End PBXTargetDependency section */

/* Begin PBXVariantGroup section */
		6F05C7AD1EB0F02A0048CD18 /* Main.storyboard */ = {
			isa = PBXVariantGroup;
			children = (
				6F05C7AE1EB0F02A0048CD18 /* Base */,
			);
			name = Main.storyboard;
			sourceTree = "<group>";
		};
		6F05C7B51EB0F02A0048CD18 /* LaunchScreen.storyboard */ = {
			isa = PBXVariantGroup;
			children = (
				6F05C7B61EB0F02A0048CD18 /* Base */,
			);
			name = LaunchScreen.storyboard;
			sourceTree = "<group>";
		};
/* End PBXVariantGroup section */

/* Begin XCBuildConfiguration section */
		6F05C7CF1EB0F02A0048CD18 /* Debug */ = {
			isa = XCBuildConfiguration;
			buildSettings = {
				ALWAYS_SEARCH_USER_PATHS = NO;
				CLANG_ANALYZER_NONNULL = YES;
				CLANG_ANALYZER_NUMBER_OBJECT_CONVERSION = YES_AGGRESSIVE;
				CLANG_CXX_LANGUAGE_STANDARD = "gnu++0x";
				CLANG_CXX_LIBRARY = "libc++";
				CLANG_ENABLE_MODULES = YES;
				CLANG_ENABLE_OBJC_ARC = YES;
				CLANG_WARN_BOOL_CONVERSION = YES;
				CLANG_WARN_CONSTANT_CONVERSION = YES;
				CLANG_WARN_DIRECT_OBJC_ISA_USAGE = YES_ERROR;
				CLANG_WARN_DOCUMENTATION_COMMENTS = YES;
				CLANG_WARN_EMPTY_BODY = YES;
				CLANG_WARN_ENUM_CONVERSION = YES;
				CLANG_WARN_INFINITE_RECURSION = YES;
				CLANG_WARN_INT_CONVERSION = YES;
				CLANG_WARN_OBJC_ROOT_CLASS = YES_ERROR;
				CLANG_WARN_SUSPICIOUS_MOVE = YES;
				CLANG_WARN_UNREACHABLE_CODE = YES;
				CLANG_WARN__DUPLICATE_METHOD_MATCH = YES;
				"CODE_SIGN_IDENTITY[sdk=iphoneos*]" = "iPhone Developer";
				COPY_PHASE_STRIP = NO;
				DEBUG_INFORMATION_FORMAT = dwarf;
				ENABLE_STRICT_OBJC_MSGSEND = YES;
				ENABLE_TESTABILITY = YES;
				GCC_C_LANGUAGE_STANDARD = gnu99;
				GCC_DYNAMIC_NO_PIC = NO;
				GCC_NO_COMMON_BLOCKS = YES;
				GCC_OPTIMIZATION_LEVEL = 0;
				GCC_PREPROCESSOR_DEFINITIONS = (
					"DEBUG=1",
					"$(inherited)",
				);
				GCC_WARN_64_TO_32_BIT_CONVERSION = YES;
				GCC_WARN_ABOUT_RETURN_TYPE = YES_ERROR;
				GCC_WARN_UNDECLARED_SELECTOR = YES;
				GCC_WARN_UNINITIALIZED_AUTOS = YES_AGGRESSIVE;
				GCC_WARN_UNUSED_FUNCTION = YES;
				GCC_WARN_UNUSED_VARIABLE = YES;
				IPHONEOS_DEPLOYMENT_TARGET = 10.3;
				MTL_ENABLE_DEBUG_INFO = YES;
				ONLY_ACTIVE_ARCH = YES;
				SDKROOT = iphoneos;
				TARGETED_DEVICE_FAMILY = 2;
			};
			name = Debug;
		};
		6F05C7D01EB0F02A0048CD18 /* Release */ = {
			isa = XCBuildConfiguration;
			buildSettings = {
				ALWAYS_SEARCH_USER_PATHS = NO;
				CLANG_ANALYZER_NONNULL = YES;
				CLANG_ANALYZER_NUMBER_OBJECT_CONVERSION = YES_AGGRESSIVE;
				CLANG_CXX_LANGUAGE_STANDARD = "gnu++0x";
				CLANG_CXX_LIBRARY = "libc++";
				CLANG_ENABLE_MODULES = YES;
				CLANG_ENABLE_OBJC_ARC = YES;
				CLANG_WARN_BOOL_CONVERSION = YES;
				CLANG_WARN_CONSTANT_CONVERSION = YES;
				CLANG_WARN_DIRECT_OBJC_ISA_USAGE = YES_ERROR;
				CLANG_WARN_DOCUMENTATION_COMMENTS = YES;
				CLANG_WARN_EMPTY_BODY = YES;
				CLANG_WARN_ENUM_CONVERSION = YES;
				CLANG_WARN_INFINITE_RECURSION = YES;
				CLANG_WARN_INT_CONVERSION = YES;
				CLANG_WARN_OBJC_ROOT_CLASS = YES_ERROR;
				CLANG_WARN_SUSPICIOUS_MOVE = YES;
				CLANG_WARN_UNREACHABLE_CODE = YES;
				CLANG_WARN__DUPLICATE_METHOD_MATCH = YES;
				"CODE_SIGN_IDENTITY[sdk=iphoneos*]" = "iPhone Developer";
				COPY_PHASE_STRIP = NO;
				DEBUG_INFORMATION_FORMAT = "dwarf-with-dsym";
				ENABLE_NS_ASSERTIONS = NO;
				ENABLE_STRICT_OBJC_MSGSEND = YES;
				GCC_C_LANGUAGE_STANDARD = gnu99;
				GCC_NO_COMMON_BLOCKS = YES;
				GCC_WARN_64_TO_32_BIT_CONVERSION = YES;
				GCC_WARN_ABOUT_RETURN_TYPE = YES_ERROR;
				GCC_WARN_UNDECLARED_SELECTOR = YES;
				GCC_WARN_UNINITIALIZED_AUTOS = YES_AGGRESSIVE;
				GCC_WARN_UNUSED_FUNCTION = YES;
				GCC_WARN_UNUSED_VARIABLE = YES;
				IPHONEOS_DEPLOYMENT_TARGET = 10.3;
				MTL_ENABLE_DEBUG_INFO = NO;
				SDKROOT = iphoneos;
				TARGETED_DEVICE_FAMILY = 2;
				VALIDATE_PRODUCT = YES;
			};
			name = Release;
		};
		6F05C7D21EB0F02A0048CD18 /* Debug */ = {
			isa = XCBuildConfiguration;
			buildSettings = {
				ASSETCATALOG_COMPILER_APPICON_NAME = AppIcon;
				DEVELOPMENT_TEAM = SL4A6X8264;
				INFOPLIST_FILE = Quantenguerilla/Info.plist;
				IPHONEOS_DEPLOYMENT_TARGET = 9.3;
				LD_RUNPATH_SEARCH_PATHS = "$(inherited) @executable_path/Frameworks";
				OTHER_CFLAGS = (
					"-I/src",
					"-I/MainMenu",
					"-I/Workspace",
					"-I/ProjectData",
					"-I/RMPZoomTransitionAnimator",
				);
				PRODUCT_BUNDLE_IDENTIFIER = TMME.Quantenguerilla;
				PRODUCT_NAME = "$(TARGET_NAME)";
				TARGETED_DEVICE_FAMILY = 2;
			};
			name = Debug;
		};
		6F05C7D31EB0F02A0048CD18 /* Release */ = {
			isa = XCBuildConfiguration;
			buildSettings = {
				ASSETCATALOG_COMPILER_APPICON_NAME = AppIcon;
				DEVELOPMENT_TEAM = SL4A6X8264;
				INFOPLIST_FILE = Quantenguerilla/Info.plist;
				IPHONEOS_DEPLOYMENT_TARGET = 9.3;
				LD_RUNPATH_SEARCH_PATHS = "$(inherited) @executable_path/Frameworks";
				OTHER_CFLAGS = (
					"-I/src",
					"-I/MainMenu",
					"-I/Workspace",
					"-I/ProjectData",
					"-I/RMPZoomTransitionAnimator",
				);
				PRODUCT_BUNDLE_IDENTIFIER = TMME.Quantenguerilla;
				PRODUCT_NAME = "$(TARGET_NAME)";
				TARGETED_DEVICE_FAMILY = 2;
			};
			name = Release;
		};
		6F05C7D51EB0F02A0048CD18 /* Debug */ = {
			isa = XCBuildConfiguration;
			buildSettings = {
				BUNDLE_LOADER = "$(TEST_HOST)";
				DEVELOPMENT_TEAM = SL4A6X8264;
				INFOPLIST_FILE = QuantenguerillaTests/Info.plist;
				LD_RUNPATH_SEARCH_PATHS = "$(inherited) @executable_path/Frameworks @loader_path/Frameworks";
				PRODUCT_BUNDLE_IDENTIFIER = TMME.QuantenguerillaTests;
				PRODUCT_NAME = "$(TARGET_NAME)";
				TEST_HOST = "$(BUILT_PRODUCTS_DIR)/Quantenguerilla.app/Quantenguerilla";
			};
			name = Debug;
		};
		6F05C7D61EB0F02A0048CD18 /* Release */ = {
			isa = XCBuildConfiguration;
			buildSettings = {
				BUNDLE_LOADER = "$(TEST_HOST)";
				DEVELOPMENT_TEAM = SL4A6X8264;
				INFOPLIST_FILE = QuantenguerillaTests/Info.plist;
				LD_RUNPATH_SEARCH_PATHS = "$(inherited) @executable_path/Frameworks @loader_path/Frameworks";
				PRODUCT_BUNDLE_IDENTIFIER = TMME.QuantenguerillaTests;
				PRODUCT_NAME = "$(TARGET_NAME)";
				TEST_HOST = "$(BUILT_PRODUCTS_DIR)/Quantenguerilla.app/Quantenguerilla";
			};
			name = Release;
		};
		6F05C7D81EB0F02A0048CD18 /* Debug */ = {
			isa = XCBuildConfiguration;
			buildSettings = {
				DEVELOPMENT_TEAM = SL4A6X8264;
				INFOPLIST_FILE = QuantenguerillaUITests/Info.plist;
				LD_RUNPATH_SEARCH_PATHS = "$(inherited) @executable_path/Frameworks @loader_path/Frameworks";
				PRODUCT_BUNDLE_IDENTIFIER = TMME.QuantenguerillaUITests;
				PRODUCT_NAME = "$(TARGET_NAME)";
				TEST_TARGET_NAME = Quantenguerilla;
			};
			name = Debug;
		};
		6F05C7D91EB0F02A0048CD18 /* Release */ = {
			isa = XCBuildConfiguration;
			buildSettings = {
				DEVELOPMENT_TEAM = SL4A6X8264;
				INFOPLIST_FILE = QuantenguerillaUITests/Info.plist;
				LD_RUNPATH_SEARCH_PATHS = "$(inherited) @executable_path/Frameworks @loader_path/Frameworks";
				PRODUCT_BUNDLE_IDENTIFIER = TMME.QuantenguerillaUITests;
				PRODUCT_NAME = "$(TARGET_NAME)";
				TEST_TARGET_NAME = Quantenguerilla;
			};
			name = Release;
		};
/* End XCBuildConfiguration section */

/* Begin XCConfigurationList section */
		6F05C79C1EB0F02A0048CD18 /* Build configuration list for PBXProject "Quantenguerilla" */ = {
			isa = XCConfigurationList;
			buildConfigurations = (
				6F05C7CF1EB0F02A0048CD18 /* Debug */,
				6F05C7D01EB0F02A0048CD18 /* Release */,
			);
			defaultConfigurationIsVisible = 0;
			defaultConfigurationName = Release;
		};
		6F05C7D11EB0F02A0048CD18 /* Build configuration list for PBXNativeTarget "Quantenguerilla" */ = {
			isa = XCConfigurationList;
			buildConfigurations = (
				6F05C7D21EB0F02A0048CD18 /* Debug */,
				6F05C7D31EB0F02A0048CD18 /* Release */,
			);
			defaultConfigurationIsVisible = 0;
			defaultConfigurationName = Release;
		};
		6F05C7D41EB0F02A0048CD18 /* Build configuration list for PBXNativeTarget "QuantenguerillaTests" */ = {
			isa = XCConfigurationList;
			buildConfigurations = (
				6F05C7D51EB0F02A0048CD18 /* Debug */,
				6F05C7D61EB0F02A0048CD18 /* Release */,
			);
			defaultConfigurationIsVisible = 0;
			defaultConfigurationName = Release;
		};
		6F05C7D71EB0F02A0048CD18 /* Build configuration list for PBXNativeTarget "QuantenguerillaUITests" */ = {
			isa = XCConfigurationList;
			buildConfigurations = (
				6F05C7D81EB0F02A0048CD18 /* Debug */,
				6F05C7D91EB0F02A0048CD18 /* Release */,
			);
			defaultConfigurationIsVisible = 0;
			defaultConfigurationName = Release;
		};
/* End XCConfigurationList section */

/* Begin XCVersionGroup section */
		6F05C7B01EB0F02A0048CD18 /* Quantenguerilla.xcdatamodeld */ = {
			isa = XCVersionGroup;
			children = (
				6F05C7B11EB0F02A0048CD18 /* Quantenguerilla.xcdatamodel */,
			);
			currentVersion = 6F05C7B11EB0F02A0048CD18 /* Quantenguerilla.xcdatamodel */;
			path = Quantenguerilla.xcdatamodeld;
			sourceTree = "<group>";
			versionGroupType = wrapper.xcdatamodel;
		};
/* End XCVersionGroup section */
	};
	rootObject = 6F05C7991EB0F02A0048CD18 /* Project object */;
}
